
Microsoft Visual Studio Solution File, Format Version 12.00
# Visual Studio Version 17
VisualStudioVersion = 17.11.35222.181
MinimumVisualStudioVersion = 10.0.40219.1
Project("{FAE04EC0-301F-11D3-BF4B-00C04F79EFBC}") = "PrimeNumbers", "PrimeNumbers\PrimeNumbers.csproj", "{BEC11652-6FA9-4C18-8F8C-9A5037AEA03A}"
EndProject
Global
	GlobalSection(SolutionConfigurationPlatforms) = preSolution
		Debug|Any CPU = Debug|Any CPU
		Release|Any CPU = Release|Any CPU
	EndGlobalSection
	GlobalSection(ProjectConfigurationPlatforms) = postSolution
		{BEC11652-6FA9-4C18-8F8C-9A5037AEA03A}.Debug|Any CPU.ActiveCfg = Debug|Any CPU
		{BEC11652-6FA9-4C18-8F8C-9A5037AEA03A}.Debug|Any CPU.Build.0 = Debug|Any CPU
		{BEC11652-6FA9-4C18-8F8C-9A5037AEA03A}.Release|Any CPU.ActiveCfg = Release|Any CPU
		{BEC11652-6FA9-4C18-8F8C-9A5037AEA03A}.Release|Any CPU.Build.0 = Release|Any CPU
	EndGlobalSection
	GlobalSection(SolutionProperties) = preSolution
		HideSolutionNode = FALSE
	EndGlobalSection
	GlobalSection(ExtensibilityGlobals) = postSolution
		SolutionGuid = {C33C8C40-79C6-494E-BDED-A169C5976F6C}
	EndGlobalSection
EndGlobal
